
Microsoft Visual Studio Solution File, Format Version 12.00
# Visual Studio 15
VisualStudioVersion = 15.0.28307.1259
MinimumVisualStudioVersion = 10.0.40219.1
Project("{FAE04EC0-301F-11D3-BF4B-00C04F79EFBC}") = "WpfApp1", "WpfApp1\WpfApp1.csproj", "{D5277472-508F-45A2-830A-81392758F9F5}"
EndProject
Global
	GlobalSection(SolutionConfigurationPlatforms) = preSolution
		Debug|Any CPU = Debug|Any CPU
		Release|Any CPU = Release|Any CPU
	EndGlobalSection
	GlobalSection(ProjectConfigurationPlatforms) = postSolution
		{D5277472-508F-45A2-830A-81392758F9F5}.Debug|Any CPU.ActiveCfg = Debug|Any CPU
		{D5277472-508F-45A2-830A-81392758F9F5}.Debug|Any CPU.Build.0 = Debug|Any CPU
		{D5277472-508F-45A2-830A-81392758F9F5}.Release|Any CPU.ActiveCfg = Release|Any CPU
		{D5277472-508F-45A2-830A-81392758F9F5}.Release|Any CPU.Build.0 = Release|Any CPU
	EndGlobalSection
	GlobalSection(SolutionProperties) = preSolution
		HideSolutionNode = FALSE
	EndGlobalSection
	GlobalSection(ExtensibilityGlobals) = postSolution
		SolutionGuid = {A18977B4-BF3F-40AD-A3D6-2DEC0BE760BC}
	EndGlobalSection
EndGlobal
